
Microsoft Visual Studio Solution File, Format Version 12.00
# Visual Studio Version 17
VisualStudioVersion = 17.0.32002.185
MinimumVisualStudioVersion = 10.0.40219.1
Project("{2150E333-8FDC-42A3-9474-1A3956D46DE8}") = "src", "src", "{566150C0-3EF9-4F6D-BC1C-14E37260EBC9}"
EndProject
Project("{2150E333-8FDC-42A3-9474-1A3956D46DE8}") = "tests", "tests", "{FA7489B4-50C3-433B-B509-3405E244BF4A}"
EndProject
Project("{FAE04EC0-301F-11D3-BF4B-00C04F79EFBC}") = "aoc-2021-csharp", "src\aoc-2021-csharp\aoc-2021-csharp.csproj", "{55891900-532F-4E87-A847-E3E860E9192D}"
EndProject
Project("{FAE04EC0-301F-11D3-BF4B-00C04F79EFBC}") = "aoc-2021-csharp-tests", "tests\aoc-2021-csharp-tests\aoc-2021-csharp-tests.csproj", "{EA8CBE0E-C6B2-404B-A5E4-FBB40630EEC4}"
EndProject
Global
	GlobalSection(SolutionConfigurationPlatforms) = preSolution
		Debug|Any CPU = Debug|Any CPU
		Release|Any CPU = Release|Any CPU
	EndGlobalSection
	GlobalSection(ProjectConfigurationPlatforms) = postSolution
		{55891900-532F-4E87-A847-E3E860E9192D}.Debug|Any CPU.ActiveCfg = Debug|Any CPU
		{55891900-532F-4E87-A847-E3E860E9192D}.Debug|Any CPU.Build.0 = Debug|Any CPU
		{55891900-532F-4E87-A847-E3E860E9192D}.Release|Any CPU.ActiveCfg = Release|Any CPU
		{55891900-532F-4E87-A847-E3E860E9192D}.Release|Any CPU.Build.0 = Release|Any CPU
		{EA8CBE0E-C6B2-404B-A5E4-FBB40630EEC4}.Debug|Any CPU.ActiveCfg = Debug|Any CPU
		{EA8CBE0E-C6B2-404B-A5E4-FBB40630EEC4}.Debug|Any CPU.Build.0 = Debug|Any CPU
		{EA8CBE0E-C6B2-404B-A5E4-FBB40630EEC4}.Release|Any CPU.ActiveCfg = Release|Any CPU
		{EA8CBE0E-C6B2-404B-A5E4-FBB40630EEC4}.Release|Any CPU.Build.0 = Release|Any CPU
	EndGlobalSection
	GlobalSection(SolutionProperties) = preSolution
		HideSolutionNode = FALSE
	EndGlobalSection
	GlobalSection(ExtensibilityGlobals) = postSolution
		SolutionGuid = {E5BC9E25-BC1F-4A22-AF8F-19BF3AAB2D0D}
	EndGlobalSection
	GlobalSection(NestedProjects) = preSolution
		{55891900-532F-4E87-A847-E3E860E9192D} = {566150C0-3EF9-4F6D-BC1C-14E37260EBC9}
		{EA8CBE0E-C6B2-404B-A5E4-FBB40630EEC4} = {FA7489B4-50C3-433B-B509-3405E244BF4A}
	EndGlobalSection
EndGlobal
